
Microsoft Visual Studio Solution File, Format Version 12.00
# Visual Studio Version 17
VisualStudioVersion = 17.0.31903.59
MinimumVisualStudioVersion = 10.0.40219.1
Project("{FAE04EC0-301F-11D3-BF4B-00C04F79EFBC}") = "Project A", "Project A\Project A.csproj", "{CA8B94E5-F89F-4F82-934F-218E865A227D}"
EndProject
Project("{FAE04EC0-301F-11D3-BF4B-00C04F79EFBC}") = "Kelas", "Kelas\Kelas.csproj", "{61A12B9D-45B7-45BB-A61F-19E190C3B0DB}"
EndProject
Global
	GlobalSection(SolutionConfigurationPlatforms) = preSolution
		Debug|Any CPU = Debug|Any CPU
		Release|Any CPU = Release|Any CPU
	EndGlobalSection
	GlobalSection(SolutionProperties) = preSolution
		HideSolutionNode = FALSE
	EndGlobalSection
	GlobalSection(ProjectConfigurationPlatforms) = postSolution
		{CA8B94E5-F89F-4F82-934F-218E865A227D}.Debug|Any CPU.ActiveCfg = Debug|Any CPU
		{CA8B94E5-F89F-4F82-934F-218E865A227D}.Debug|Any CPU.Build.0 = Debug|Any CPU
		{CA8B94E5-F89F-4F82-934F-218E865A227D}.Release|Any CPU.ActiveCfg = Release|Any CPU
		{CA8B94E5-F89F-4F82-934F-218E865A227D}.Release|Any CPU.Build.0 = Release|Any CPU
		{61A12B9D-45B7-45BB-A61F-19E190C3B0DB}.Debug|Any CPU.ActiveCfg = Debug|Any CPU
		{61A12B9D-45B7-45BB-A61F-19E190C3B0DB}.Debug|Any CPU.Build.0 = Debug|Any CPU
		{61A12B9D-45B7-45BB-A61F-19E190C3B0DB}.Release|Any CPU.ActiveCfg = Release|Any CPU
		{61A12B9D-45B7-45BB-A61F-19E190C3B0DB}.Release|Any CPU.Build.0 = Release|Any CPU
	EndGlobalSection
EndGlobal
