
Microsoft Visual Studio Solution File, Format Version 12.00
# Visual Studio Version 17
VisualStudioVersion = 17.0.31903.59
MinimumVisualStudioVersion = 10.0.40219.1
Project("{FAE04EC0-301F-11D3-BF4B-00C04F79EFBC}") = "FuncDemo", "FuncDemo\FuncDemo.csproj", "{8D5744D8-B4BD-41D5-8232-83C683BAE137}"
EndProject
Project("{FAE04EC0-301F-11D3-BF4B-00C04F79EFBC}") = "FuncActionExercise", "FuncActionExercise\FuncActionExercise.csproj", "{D1E72668-6087-4AF9-BC1C-600418B4819E}"
EndProject
Project("{FAE04EC0-301F-11D3-BF4B-00C04F79EFBC}") = "OperatorOverloading", "OperatorOverloading\OperatorOverloading.csproj", "{D958F85F-C51F-445C-947E-37D7FF74FDBA}"
EndProject
Project("{FAE04EC0-301F-11D3-BF4B-00C04F79EFBC}") = "Nullable", "NullableDemo\Nullable.csproj", "{F2DA8319-9DDA-4905-9544-0A0E69BF7652}"
EndProject
Project("{FAE04EC0-301F-11D3-BF4B-00C04F79EFBC}") = "PartialClassDemo", "PartialClassDemo\PartialClassDemo.csproj", "{BE3EF335-3827-4626-9AD0-53E9F0364EE0}"
EndProject
Project("{FAE04EC0-301F-11D3-BF4B-00C04F79EFBC}") = "CollectionsDemo", "CollectionsDemo\CollectionsDemo.csproj", "{43083B8B-B18A-4562-B68B-816582486A2D}"
EndProject
Global
	GlobalSection(SolutionConfigurationPlatforms) = preSolution
		Debug|Any CPU = Debug|Any CPU
		Release|Any CPU = Release|Any CPU
	EndGlobalSection
	GlobalSection(SolutionProperties) = preSolution
		HideSolutionNode = FALSE
	EndGlobalSection
	GlobalSection(ProjectConfigurationPlatforms) = postSolution
		{8D5744D8-B4BD-41D5-8232-83C683BAE137}.Debug|Any CPU.ActiveCfg = Debug|Any CPU
		{8D5744D8-B4BD-41D5-8232-83C683BAE137}.Debug|Any CPU.Build.0 = Debug|Any CPU
		{8D5744D8-B4BD-41D5-8232-83C683BAE137}.Release|Any CPU.ActiveCfg = Release|Any CPU
		{8D5744D8-B4BD-41D5-8232-83C683BAE137}.Release|Any CPU.Build.0 = Release|Any CPU
		{D1E72668-6087-4AF9-BC1C-600418B4819E}.Debug|Any CPU.ActiveCfg = Debug|Any CPU
		{D1E72668-6087-4AF9-BC1C-600418B4819E}.Debug|Any CPU.Build.0 = Debug|Any CPU
		{D1E72668-6087-4AF9-BC1C-600418B4819E}.Release|Any CPU.ActiveCfg = Release|Any CPU
		{D1E72668-6087-4AF9-BC1C-600418B4819E}.Release|Any CPU.Build.0 = Release|Any CPU
		{D958F85F-C51F-445C-947E-37D7FF74FDBA}.Debug|Any CPU.ActiveCfg = Debug|Any CPU
		{D958F85F-C51F-445C-947E-37D7FF74FDBA}.Debug|Any CPU.Build.0 = Debug|Any CPU
		{D958F85F-C51F-445C-947E-37D7FF74FDBA}.Release|Any CPU.ActiveCfg = Release|Any CPU
		{D958F85F-C51F-445C-947E-37D7FF74FDBA}.Release|Any CPU.Build.0 = Release|Any CPU
		{F2DA8319-9DDA-4905-9544-0A0E69BF7652}.Debug|Any CPU.ActiveCfg = Debug|Any CPU
		{F2DA8319-9DDA-4905-9544-0A0E69BF7652}.Debug|Any CPU.Build.0 = Debug|Any CPU
		{F2DA8319-9DDA-4905-9544-0A0E69BF7652}.Release|Any CPU.ActiveCfg = Release|Any CPU
		{F2DA8319-9DDA-4905-9544-0A0E69BF7652}.Release|Any CPU.Build.0 = Release|Any CPU
		{BE3EF335-3827-4626-9AD0-53E9F0364EE0}.Debug|Any CPU.ActiveCfg = Debug|Any CPU
		{BE3EF335-3827-4626-9AD0-53E9F0364EE0}.Debug|Any CPU.Build.0 = Debug|Any CPU
		{BE3EF335-3827-4626-9AD0-53E9F0364EE0}.Release|Any CPU.ActiveCfg = Release|Any CPU
		{BE3EF335-3827-4626-9AD0-53E9F0364EE0}.Release|Any CPU.Build.0 = Release|Any CPU
		{43083B8B-B18A-4562-B68B-816582486A2D}.Debug|Any CPU.ActiveCfg = Debug|Any CPU
		{43083B8B-B18A-4562-B68B-816582486A2D}.Debug|Any CPU.Build.0 = Debug|Any CPU
		{43083B8B-B18A-4562-B68B-816582486A2D}.Release|Any CPU.ActiveCfg = Release|Any CPU
		{43083B8B-B18A-4562-B68B-816582486A2D}.Release|Any CPU.Build.0 = Release|Any CPU
	EndGlobalSection
EndGlobal
