
Microsoft Visual Studio Solution File, Format Version 12.00
# Visual Studio Version 17
VisualStudioVersion = 17.0.31903.59
MinimumVisualStudioVersion = 10.0.40219.1
Project("{FAE04EC0-301F-11D3-BF4B-00C04F79EFBC}") = "SolidDemo1", "SolidDemo1\SolidDemo1.csproj", "{9D975215-D97E-45CE-8CC0-D1839ACF9884}"
EndProject
Project("{FAE04EC0-301F-11D3-BF4B-00C04F79EFBC}") = "SolidExercise1", "SolidExercise1\SolidExercise1.csproj", "{1AB0C53E-41E0-4772-BADA-3C68A1D7D049}"
EndProject
Global
	GlobalSection(SolutionConfigurationPlatforms) = preSolution
		Debug|Any CPU = Debug|Any CPU
		Release|Any CPU = Release|Any CPU
	EndGlobalSection
	GlobalSection(SolutionProperties) = preSolution
		HideSolutionNode = FALSE
	EndGlobalSection
	GlobalSection(ProjectConfigurationPlatforms) = postSolution
		{9D975215-D97E-45CE-8CC0-D1839ACF9884}.Debug|Any CPU.ActiveCfg = Debug|Any CPU
		{9D975215-D97E-45CE-8CC0-D1839ACF9884}.Debug|Any CPU.Build.0 = Debug|Any CPU
		{9D975215-D97E-45CE-8CC0-D1839ACF9884}.Release|Any CPU.ActiveCfg = Release|Any CPU
		{9D975215-D97E-45CE-8CC0-D1839ACF9884}.Release|Any CPU.Build.0 = Release|Any CPU
		{1AB0C53E-41E0-4772-BADA-3C68A1D7D049}.Debug|Any CPU.ActiveCfg = Debug|Any CPU
		{1AB0C53E-41E0-4772-BADA-3C68A1D7D049}.Debug|Any CPU.Build.0 = Debug|Any CPU
		{1AB0C53E-41E0-4772-BADA-3C68A1D7D049}.Release|Any CPU.ActiveCfg = Release|Any CPU
		{1AB0C53E-41E0-4772-BADA-3C68A1D7D049}.Release|Any CPU.Build.0 = Release|Any CPU
	EndGlobalSection
EndGlobal
