
Microsoft Visual Studio Solution File, Format Version 12.00
# Visual Studio Version 17
VisualStudioVersion = 17.0.31903.59
MinimumVisualStudioVersion = 10.0.40219.1
Project("{FAE04EC0-301F-11D3-BF4B-00C04F79EFBC}") = "PrototypePattern", "PrototypePattern\PrototypePattern.csproj", "{A663F2C2-FD6E-496E-BCE5-467A5B0E90D6}"
EndProject
Project("{FAE04EC0-301F-11D3-BF4B-00C04F79EFBC}") = "Prototype", "Prototype\Prototype.csproj", "{C13D5890-6AF2-44D1-9BAE-AE970096BE77}"
EndProject
Project("{FAE04EC0-301F-11D3-BF4B-00C04F79EFBC}") = "PrototypeExample", "PrototypeExample\PrototypeExample.csproj", "{A354C835-4E7B-40BF-AF69-9BFCEE82067A}"
EndProject
Global
	GlobalSection(SolutionConfigurationPlatforms) = preSolution
		Debug|Any CPU = Debug|Any CPU
		Release|Any CPU = Release|Any CPU
	EndGlobalSection
	GlobalSection(SolutionProperties) = preSolution
		HideSolutionNode = FALSE
	EndGlobalSection
	GlobalSection(ProjectConfigurationPlatforms) = postSolution
		{A663F2C2-FD6E-496E-BCE5-467A5B0E90D6}.Debug|Any CPU.ActiveCfg = Debug|Any CPU
		{A663F2C2-FD6E-496E-BCE5-467A5B0E90D6}.Debug|Any CPU.Build.0 = Debug|Any CPU
		{A663F2C2-FD6E-496E-BCE5-467A5B0E90D6}.Release|Any CPU.ActiveCfg = Release|Any CPU
		{A663F2C2-FD6E-496E-BCE5-467A5B0E90D6}.Release|Any CPU.Build.0 = Release|Any CPU
		{C13D5890-6AF2-44D1-9BAE-AE970096BE77}.Debug|Any CPU.ActiveCfg = Debug|Any CPU
		{C13D5890-6AF2-44D1-9BAE-AE970096BE77}.Debug|Any CPU.Build.0 = Debug|Any CPU
		{C13D5890-6AF2-44D1-9BAE-AE970096BE77}.Release|Any CPU.ActiveCfg = Release|Any CPU
		{C13D5890-6AF2-44D1-9BAE-AE970096BE77}.Release|Any CPU.Build.0 = Release|Any CPU
		{A354C835-4E7B-40BF-AF69-9BFCEE82067A}.Debug|Any CPU.ActiveCfg = Debug|Any CPU
		{A354C835-4E7B-40BF-AF69-9BFCEE82067A}.Debug|Any CPU.Build.0 = Debug|Any CPU
		{A354C835-4E7B-40BF-AF69-9BFCEE82067A}.Release|Any CPU.ActiveCfg = Release|Any CPU
		{A354C835-4E7B-40BF-AF69-9BFCEE82067A}.Release|Any CPU.Build.0 = Release|Any CPU
	EndGlobalSection
EndGlobal
