
Microsoft Visual Studio Solution File, Format Version 12.00
# Visual Studio Version 17
VisualStudioVersion = 17.0.31903.59
MinimumVisualStudioVersion = 10.0.40219.1
Project("{FAE04EC0-301F-11D3-BF4B-00C04F79EFBC}") = "PostgreDemo", "PostgreDemo\PostgreDemo.csproj", "{7B93426D-A64F-4CAE-A4F0-CFF24EFA827A}"
EndProject
Project("{FAE04EC0-301F-11D3-BF4B-00C04F79EFBC}") = "ExerciseWebAPI", "ExerciseWebAPI\ExerciseWebAPI.csproj", "{18C6F189-ACCD-48DD-BF3B-8D7F8AA59C84}"
EndProject
Project("{FAE04EC0-301F-11D3-BF4B-00C04F79EFBC}") = "ExerciseApi", "ExerciseApi\ExerciseApi.csproj", "{34DC8E52-38A2-4472-A66F-5289A09E5197}"
EndProject
Project("{FAE04EC0-301F-11D3-BF4B-00C04F79EFBC}") = "MVCDemo", "MVCDemo\MVCDemo.csproj", "{1A03162E-72C9-4B32-B6D2-7A66FFA6DD40}"
EndProject
Global
	GlobalSection(SolutionConfigurationPlatforms) = preSolution
		Debug|Any CPU = Debug|Any CPU
		Release|Any CPU = Release|Any CPU
	EndGlobalSection
	GlobalSection(SolutionProperties) = preSolution
		HideSolutionNode = FALSE
	EndGlobalSection
	GlobalSection(ProjectConfigurationPlatforms) = postSolution
		{7B93426D-A64F-4CAE-A4F0-CFF24EFA827A}.Debug|Any CPU.ActiveCfg = Debug|Any CPU
		{7B93426D-A64F-4CAE-A4F0-CFF24EFA827A}.Debug|Any CPU.Build.0 = Debug|Any CPU
		{7B93426D-A64F-4CAE-A4F0-CFF24EFA827A}.Release|Any CPU.ActiveCfg = Release|Any CPU
		{7B93426D-A64F-4CAE-A4F0-CFF24EFA827A}.Release|Any CPU.Build.0 = Release|Any CPU
		{18C6F189-ACCD-48DD-BF3B-8D7F8AA59C84}.Debug|Any CPU.ActiveCfg = Debug|Any CPU
		{18C6F189-ACCD-48DD-BF3B-8D7F8AA59C84}.Debug|Any CPU.Build.0 = Debug|Any CPU
		{18C6F189-ACCD-48DD-BF3B-8D7F8AA59C84}.Release|Any CPU.ActiveCfg = Release|Any CPU
		{18C6F189-ACCD-48DD-BF3B-8D7F8AA59C84}.Release|Any CPU.Build.0 = Release|Any CPU
		{34DC8E52-38A2-4472-A66F-5289A09E5197}.Debug|Any CPU.ActiveCfg = Debug|Any CPU
		{34DC8E52-38A2-4472-A66F-5289A09E5197}.Debug|Any CPU.Build.0 = Debug|Any CPU
		{34DC8E52-38A2-4472-A66F-5289A09E5197}.Release|Any CPU.ActiveCfg = Release|Any CPU
		{34DC8E52-38A2-4472-A66F-5289A09E5197}.Release|Any CPU.Build.0 = Release|Any CPU
		{1A03162E-72C9-4B32-B6D2-7A66FFA6DD40}.Debug|Any CPU.ActiveCfg = Debug|Any CPU
		{1A03162E-72C9-4B32-B6D2-7A66FFA6DD40}.Debug|Any CPU.Build.0 = Debug|Any CPU
		{1A03162E-72C9-4B32-B6D2-7A66FFA6DD40}.Release|Any CPU.ActiveCfg = Release|Any CPU
		{1A03162E-72C9-4B32-B6D2-7A66FFA6DD40}.Release|Any CPU.Build.0 = Release|Any CPU
	EndGlobalSection
EndGlobal
