
Microsoft Visual Studio Solution File, Format Version 12.00
# Visual Studio Version 17
VisualStudioVersion = 17.0.31903.59
MinimumVisualStudioVersion = 10.0.40219.1
Project("{FAE04EC0-301F-11D3-BF4B-00C04F79EFBC}") = "ConstructorExercise", "ConstructorExercise\ConstructorExercise.csproj", "{D83FD0FA-D35D-47AA-8F1A-272DC5A9D3CE}"
EndProject
Global
	GlobalSection(SolutionConfigurationPlatforms) = preSolution
		Debug|Any CPU = Debug|Any CPU
		Release|Any CPU = Release|Any CPU
	EndGlobalSection
	GlobalSection(SolutionProperties) = preSolution
		HideSolutionNode = FALSE
	EndGlobalSection
	GlobalSection(ProjectConfigurationPlatforms) = postSolution
		{D83FD0FA-D35D-47AA-8F1A-272DC5A9D3CE}.Debug|Any CPU.ActiveCfg = Debug|Any CPU
		{D83FD0FA-D35D-47AA-8F1A-272DC5A9D3CE}.Debug|Any CPU.Build.0 = Debug|Any CPU
		{D83FD0FA-D35D-47AA-8F1A-272DC5A9D3CE}.Release|Any CPU.ActiveCfg = Release|Any CPU
		{D83FD0FA-D35D-47AA-8F1A-272DC5A9D3CE}.Release|Any CPU.Build.0 = Release|Any CPU
	EndGlobalSection
EndGlobal
